Microsoft Visual Studio Solution File, Format Version 12.00
# Visual Studio Version 17
VisualStudioVersion = 17.5.2.0
MinimumVisualStudioVersion = 10.0.40219.1
Project("{FAE04EC0-301F-11D3-BF4B-00C04F79EFBC}") = "BarberShopManagement", "BarberShopManagement.csproj", "{5C045B81-A77F-A533-D582-00F1BE29C079}"
EndProject
Global
	GlobalSection(SolutionConfigurationPlatforms) = preSolution
		Debug|Any CPU = Debug|Any CPU
		Release|Any CPU = Release|Any CPU
	EndGlobalSection
	GlobalSection(ProjectConfigurationPlatforms) = postSolution
		{5C045B81-A77F-A533-D582-00F1BE29C079}.Debug|Any CPU.ActiveCfg = Debug|Any CPU
		{5C045B81-A77F-A533-D582-00F1BE29C079}.Debug|Any CPU.Build.0 = Debug|Any CPU
		{5C045B81-A77F-A533-D582-00F1BE29C079}.Release|Any CPU.ActiveCfg = Release|Any CPU
		{5C045B81-A77F-A533-D582-00F1BE29C079}.Release|Any CPU.Build.0 = Release|Any CPU
	EndGlobalSection
	GlobalSection(SolutionProperties) = preSolution
		HideSolutionNode = FALSE
	EndGlobalSection
	GlobalSection(ExtensibilityGlobals) = postSolution
		SolutionGuid = {CC2E95CE-13DD-447F-A15B-C89A928E0937}
	EndGlobalSection
EndGlobal
